// !$*UTF8*$!
{
	archiveVersion = 1;
	classes = {
	};
	objectVersion = 77;
	objects = {

/* Begin PBXContainerItemProxy section */
		B841CFCD2E6C4BA500D58501 /* PBXContainerItemProxy */ = {
			isa = PBXContainerItemProxy;
			containerPortal = B841CFB72E6C4BA500D58501 /* Project object */;
			proxyType = 1;
			remoteGlobalIDString = B841CFBE2E6C4BA500D58501;
			remoteInfo = paws_app_ios;
		};
		B841CFD72E6C4BA500D58501 /* PBXContainerItemProxy */ = {
			isa = PBXContainerItemProxy;
			containerPortal = B841CFB72E6C4BA500D58501 /* Project object */;
			proxyType = 1;
			remoteGlobalIDString = B841CFBE2E6C4BA500D58501;
			remoteInfo = paws_app_ios;
		};
/* End PBXContainerItemProxy section */

/* Begin PBXFileReference section */
		B841CFBF2E6C4BA500D58501 /* paws_app_ios.app */ = {isa = PBXFileReference; explicitFileType = wrapper.application; includeInIndex = 0; path = paws_app_ios.app; sourceTree = BUILT_PRODUCTS_DIR; };
		B841CFCC2E6C4BA500D58501 /* paws_app_iosTests.xctest */ = {isa = PBXFileReference; explicitFileType = wrapper.cfbundle; includeInIndex = 0; path = paws_app_iosTests.xctest; sourceTree = BUILT_PRODUCTS_DIR; };
		B841CFD62E6C4BA500D58501 /* paws_app_iosUITests.xctest */ = {isa = PBXFileReference; explicitFileType = wrapper.cfbundle; includeInIndex = 0; path = paws_app_iosUITests.xctest; sourceTree = BUILT_PRODUCTS_DIR; };
/* End PBXFileReference section */

/* Begin PBXFileSystemSynchronizedRootGroup section */
		B841CFC12E6C4BA500D58501 /* paws_app_ios */ = {
			isa = PBXFileSystemSynchronizedRootGroup;
			path = paws_app_ios;
			sourceTree = "<group>";
		};
		B841CFCF2E6C4BA500D58501 /* paws_app_iosTests */ = {
			isa = PBXFileSystemSynchronizedRootGroup;
			path = paws_app_iosTests;
			sourceTree = "<group>";
		};
		B841CFD92E6C4BA500D58501 /* paws_app_iosUITests */ = {
			isa = PBXFileSystemSynchronizedRootGroup;
			path = paws_app_iosUITests;
			sourceTree = "<group>";
		};
/* End PBXFileSystemSynchronizedRootGroup section */

/* Begin PBXFrameworksBuildPhase section */
		B841CFBC2E6C4BA500D58501 /* Frameworks */ = {
			isa = PBXFrameworksBuildPhase;
			buildActionMask = 2147483647;
			files = (
			);
			runOnlyForDeploymentPostprocessing = 0;
		};
		B841CFC92E6C4BA500D58501 /* Frameworks */ = {
			isa = PBXFrameworksBuildPhase;
			buildActionMask = 2147483647;
			files = (
			);
			runOnlyForDeploymentPostprocessing = 0;
		};
		B841CFD32E6C4BA500D58501 /* Frameworks */ = {
			isa = PBXFrameworksBuildPhase;
			buildActionMask = 2147483647;
			files = (
			);
			runOnlyForDeploymentPostprocessing = 0;
		};
/* End PBXFrameworksBuildPhase section */

/* Begin PBXGroup section */
		B841CFB62E6C4BA500D58501 = {
			isa = PBXGroup;
			children = (
				B841CFC12E6C4BA500D58501 /* paws_app_ios */,
				B841CFCF2E6C4BA500D58501 /* paws_app_iosTests */,
				B841CFD92E6C4BA500D58501 /* paws_app_iosUITests */,
				B841CFC02E6C4BA500D58501 /* Products */,
			);
			sourceTree = "<group>";
		};
		B841CFC02E6C4BA500D58501 /* Products */ = {
			isa = PBXGroup;
			children = (
				B841CFBF2E6C4BA500D58501 /* paws_app_ios.app */,
				B841CFCC2E6C4BA500D58501 /* paws_app_iosTests.xctest */,
				B841CFD62E6C4BA500D58501 /* paws_app_iosUITests.xctest */,
			);
			name = Products;
			sourceTree = "<group>";
		};
/* End PBXGroup section */

/* Begin PBXNativeTarget section */
		B841CFBE2E6C4BA500D58501 /* paws_app_ios */ = {
			isa = PBXNativeTarget;
			buildConfigurationList = B841CFE02E6C4BA500D58501 /* Build configuration list for PBXNativeTarget "paws_app_ios" */;
			buildPhases = (
				B841CFBB2E6C4BA500D58501 /* Sources */,
				B841CFBC2E6C4BA500D58501 /* Frameworks */,
				B841CFBD2E6C4BA500D58501 /* Resources */,
			);
			buildRules = (
			);
			dependencies = (
			);
			fileSystemSynchronizedGroups = (
				B841CFC12E6C4BA500D58501 /* paws_app_ios */,
			);
			name = paws_app_ios;
			packageProductDependencies = (
			);
			productName = paws_app_ios;
			productReference = B841CFBF2E6C4BA500D58501 /* paws_app_ios.app */;
			productType = "com.apple.product-type.application";
		};
		B841CFCB2E6C4BA500D58501 /* paws_app_iosTests */ = {
			isa = PBXNativeTarget;
			buildConfigurationList = B841CFE32E6C4BA500D58501 /* Build configuration list for PBXNativeTarget "paws_app_iosTests" */;
			buildPhases = (
				B841CFC82E6C4BA500D58501 /* Sources */,
				B841CFC92E6C4BA500D58501 /* Frameworks */,
				B841CFCA2E6C4BA500D58501 /* Resources */,
			);
			buildRules = (
			);
			dependencies = (
				B841CFCE2E6C4BA500D58501 /* PBXTargetDependency */,
			);
			fileSystemSynchronizedGroups = (
				B841CFCF2E6C4BA500D58501 /* paws_app_iosTests */,
			);
			name = paws_app_iosTests;
			packageProductDependencies = (
			);
			productName = paws_app_iosTests;
			productReference = B841CFCC2E6C4BA500D58501 /* paws_app_iosTests.xctest */;
			productType = "com.apple.product-type.bundle.unit-test";
		};
		B841CFD52E6C4BA500D58501 /* paws_app_iosUITests */ = {
			isa = PBXNativeTarget;
			buildConfigurationList = B841CFE62E6C4BA500D58501 /* Build configuration list for PBXNativeTarget "paws_app_iosUITests" */;
			buildPhases = (
				B841CFD22E6C4BA500D58501 /* Sources */,
				B841CFD32E6C4BA500D58501 /* Frameworks */,
				B841CFD42E6C4BA500D58501 /* Resources */,
			);
			buildRules = (
			);
			dependencies = (
				B841CFD82E6C4BA500D58501 /* PBXTargetDependency */,
			);
			fileSystemSynchronizedGroups = (
				B841CFD92E6C4BA500D58501 /* paws_app_iosUITests */,
			);
			name = paws_app_iosUITests;
			packageProductDependencies = (
			);
			productName = paws_app_iosUITests;
			productReference = B841CFD62E6C4BA500D58501 /* paws_app_iosUITests.xctest */;
			productType = "com.apple.product-type.bundle.ui-testing";
		};
/* End PBXNativeTarget section */

/* Begin PBXProject section */
		B841CFB72E6C4BA500D58501 /* Project object */ = {
			isa = PBXProject;
			attributes = {
				BuildIndependentTargetsInParallel = 1;
				LastSwiftUpdateCheck = 1640;
				LastUpgradeCheck = 1640;
				TargetAttributes = {
					B841CFBE2E6C4BA500D58501 = {
						CreatedOnToolsVersion = 16.4;
					};
					B841CFCB2E6C4BA500D58501 = {
						CreatedOnToolsVersion = 16.4;
						TestTargetID = B841CFBE2E6C4BA500D58501;
					};
					B841CFD52E6C4BA500D58501 = {
						CreatedOnToolsVersion = 16.4;
						TestTargetID = B841CFBE2E6C4BA500D58501;
					};
				};
			};
			buildConfigurationList = B841CFBA2E6C4BA500D58501 /* Build configuration list for PBXProject "paws_app_ios" */;
			developmentRegion = en;
			hasScannedForEncodings = 0;
			knownRegions = (
				en,
				Base,
			);
			mainGroup = B841CFB62E6C4BA500D58501;
			minimizedProjectReferenceProxies = 1;
			preferredProjectObjectVersion = 77;
			productRefGroup = B841CFC02E6C4BA500D58501 /* Products */;
			projectDirPath = "";
			projectRoot = "";
			targets = (
				B841CFBE2E6C4BA500D58501 /* paws_app_ios */,
				B841CFCB2E6C4BA500D58501 /* paws_app_iosTests */,
				B841CFD52E6C4BA500D58501 /* paws_app_iosUITests */,
			);
		};
/* End PBXProject section */

/* Begin PBXResourcesBuildPhase section */
		B841CFBD2E6C4BA500D58501 /* Resources */ = {
			isa = PBXResourcesBuildPhase;
			buildActionMask = 2147483647;
			files = (
			);
			runOnlyForDeploymentPostprocessing = 0;
		};
		B841CFCA2E6C4BA500D58501 /* Resources */ = {
			isa = PBXResourcesBuildPhase;
			buildActionMask = 2147483647;
			files = (
			);
			runOnlyForDeploymentPostprocessing = 0;
		};
		B841CFD42E6C4BA500D58501 /* Resources */ = {
			isa = PBXResourcesBuildPhase;
			buildActionMask = 2147483647;
			files = (
			);
			runOnlyForDeploymentPostprocessing = 0;
		};
/* End PBXResourcesBuildPhase section */

/* Begin PBXSourcesBuildPhase section */
		B841CFBB2E6C4BA500D58501 /* Sources */ = {
			isa = PBXSourcesBuildPhase;
			buildActionMask = 2147483647;
			files = (
			);
			runOnlyForDeploymentPostprocessing = 0;
		};
		B841CFC82E6C4BA500D58501 /* Sources */ = {
			isa = PBXSourcesBuildPhase;
			buildActionMask = 2147483647;
			files = (
			);
			runOnlyForDeploymentPostprocessing = 0;
		};
		B841CFD22E6C4BA500D58501 /* Sources */ = {
			isa = PBXSourcesBuildPhase;
			buildActionMask = 2147483647;
			files = (
			);
			runOnlyForDeploymentPostprocessing = 0;
		};
/* End PBXSourcesBuildPhase section */

/* Begin PBXTargetDependency section */
		B841CFCE2E6C4BA500D58501 /* PBXTargetDependency */ = {
			isa = PBXTargetDependency;
			target = B841CFBE2E6C4BA500D58501 /* paws_app_ios */;
			targetProxy = B841CFCD2E6C4BA500D58501 /* PBXContainerItemProxy */;
		};
		B841CFD82E6C4BA500D58501 /* PBXTargetDependency */ = {
			isa = PBXTargetDependency;
			target = B841CFBE2E6C4BA500D58501 /* paws_app_ios */;
			targetProxy = B841CFD72E6C4BA500D58501 /* PBXContainerItemProxy */;
		};
/* End PBXTargetDependency section */

/* Begin XCBuildConfiguration section */
		B841CFDE2E6C4BA500D58501 /* Debug */ = {
			isa = XCBuildConfiguration;
			buildSettings = {
				ALWAYS_SEARCH_USER_PATHS = NO;
				ASSETCATALOG_COMPILER_GENERATE_SWIFT_ASSET_SYMBOL_EXTENSIONS = YES;
				CLANG_ANALYZER_NONNULL = YES;
				CLANG_ANALYZER_NUMBER_OBJECT_CONVERSION = YES_AGGRESSIVE;
				CLANG_CXX_LANGUAGE_STANDARD = "gnu++20";
				CLANG_ENABLE_MODULES = YES;
				CLANG_ENABLE_OBJC_ARC = YES;
				CLANG_ENABLE_OBJC_WEAK = YES;
				CLANG_WARN_BLOCK_CAPTURE_AUTORELEASING = YES;
				CLANG_WARN_BOOL_CONVERSION = YES;
				CLANG_WARN_COMMA = YES;
				CLANG_WARN_CONSTANT_CONVERSION = YES;
				CLANG_WARN_DEPRECATED_OBJC_IMPLEMENTATIONS = YES;
				CLANG_WARN_DIRECT_OBJC_ISA_USAGE = YES_ERROR;
				CLANG_WARN_DOCUMENTATION_COMMENTS = YES;
				CLANG_WARN_EMPTY_BODY = YES;
				CLANG_WARN_ENUM_CONVERSION = YES;
				CLANG_WARN_INFINITE_RECURSION = YES;
				CLANG_WARN_INT_CONVERSION = YES;
				CLANG_WARN_NON_LITERAL_NULL_CONVERSION = YES;
				CLANG_WARN_OBJC_IMPLICIT_RETAIN_SELF = YES;
				CLANG_WARN_OBJC_LITERAL_CONVERSION = YES;
				CLANG_WARN_OBJC_ROOT_CLASS = YES_ERROR;
				CLANG_WARN_QUOTED_INCLUDE_IN_FRAMEWORK_HEADER = YES;
				CLANG_WARN_RANGE_LOOP_ANALYSIS = YES;
				CLANG_WARN_STRICT_PROTOTYPES = YES;
				CLANG_WARN_SUSPICIOUS_MOVE = YES;
				CLANG_WARN_UNGUARDED_AVAILABILITY = YES_AGGRESSIVE;
				CLANG_WARN_UNREACHABLE_CODE = YES;
				CLANG_WARN__DUPLICATE_METHOD_MATCH = YES;
				COPY_PHASE_STRIP = NO;
				DEBUG_INFORMATION_FORMAT = dwarf;
				ENABLE_STRICT_OBJC_MSGSEND = YES;
				ENABLE_TESTABILITY = YES;
				ENABLE_USER_SCRIPT_SANDBOXING = YES;
				GCC_C_LANGUAGE_STANDARD = gnu17;
				GCC_DYNAMIC_NO_PIC = NO;
				GCC_NO_COMMON_BLOCKS = YES;
				GCC_OPTIMIZATION_LEVEL = 0;
				GCC_PREPROCESSOR_DEFINITIONS = (
					"DEBUG=1",
					"$(inherited)",
				);
				GCC_WARN_64_TO_32_BIT_CONVERSION = YES;
				GCC_WARN_ABOUT_RETURN_TYPE = YES_ERROR;
				GCC_WARN_UNDECLARED_SELECTOR = YES;
				GCC_WARN_UNINITIALIZED_AUTOS = YES_AGGRESSIVE;
				GCC_WARN_UNUSED_FUNCTION = YES;
				GCC_WARN_UNUSED_VARIABLE = YES;
				IPHONEOS_DEPLOYMENT_TARGET = 18.5;
				LOCALIZATION_PREFERS_STRING_CATALOGS = YES;
				MTL_ENABLE_DEBUG_INFO = INCLUDE_SOURCE;
				MTL_FAST_MATH = YES;
				ONLY_ACTIVE_ARCH = YES;
				SDKROOT = iphoneos;
				SWIFT_ACTIVE_COMPILATION_CONDITIONS = "DEBUG $(inherited)";
				SWIFT_OPTIMIZATION_LEVEL = "-Onone";
			};
			name = Debug;
		};
		B841CFDF2E6C4BA500D58501 /* Release */ = {
			isa = XCBuildConfiguration;
			buildSettings = {
				ALWAYS_SEARCH_USER_PATHS = NO;
				ASSETCATALOG_COMPILER_GENERATE_SWIFT_ASSET_SYMBOL_EXTENSIONS = YES;
				CLANG_ANALYZER_NONNULL = YES;
				CLANG_ANALYZER_NUMBER_OBJECT_CONVERSION = YES_AGGRESSIVE;
				CLANG_CXX_LANGUAGE_STANDARD = "gnu++20";
				CLANG_ENABLE_MODULES = YES;
				CLANG_ENABLE_OBJC_ARC = YES;
				CLANG_ENABLE_OBJC_WEAK = YES;
				CLANG_WARN_BLOCK_CAPTURE_AUTORELEASING = YES;
				CLANG_WARN_BOOL_CONVERSION = YES;
				CLANG_WARN_COMMA = YES;
				CLANG_WARN_CONSTANT_CONVERSION = YES;
				CLANG_WARN_DEPRECATED_OBJC_IMPLEMENTATIONS = YES;
				CLANG_WARN_DIRECT_OBJC_ISA_USAGE = YES_ERROR;
				CLANG_WARN_DOCUMENTATION_COMMENTS = YES;
				CLANG_WARN_EMPTY_BODY = YES;
				CLANG_WARN_ENUM_CONVERSION = YES;
				CLANG_WARN_INFINITE_RECURSION = YES;
				CLANG_WARN_INT_CONVERSION = YES;
				CLANG_WARN_NON_LITERAL_NULL_CONVERSION = YES;
				CLANG_WARN_OBJC_IMPLICIT_RETAIN_SELF = YES;
				CLANG_WARN_OBJC_LITERAL_CONVERSION = YES;
				CLANG_WARN_OBJC_ROOT_CLASS = YES_ERROR;
				CLANG_WARN_QUOTED_INCLUDE_IN_FRAMEWORK_HEADER = YES;
				CLANG_WARN_RANGE_LOOP_ANALYSIS = YES;
				CLANG_WARN_STRICT_PROTOTYPES = YES;
				CLANG_WARN_SUSPICIOUS_MOVE = YES;
				CLANG_WARN_UNGUARDED_AVAILABILITY = YES_AGGRESSIVE;
				CLANG_WARN_UNREACHABLE_CODE = YES;
				CLANG_WARN__DUPLICATE_METHOD_MATCH = YES;
				COPY_PHASE_STRIP = NO;
				DEBUG_INFORMATION_FORMAT = "dwarf-with-dsym";
				ENABLE_NS_ASSERTIONS = NO;
				ENABLE_STRICT_OBJC_MSGSEND = YES;
				ENABLE_USER_SCRIPT_SANDBOXING = YES;
				GCC_C_LANGUAGE_STANDARD = gnu17;
				GCC_NO_COMMON_BLOCKS = YES;
				GCC_WARN_64_TO_32_BIT_CONVERSION = YES;
				GCC_WARN_ABOUT_RETURN_TYPE = YES_ERROR;
				GCC_WARN_UNDECLARED_SELECTOR = YES;
				GCC_WARN_UNINITIALIZED_AUTOS = YES_AGGRESSIVE;
				GCC_WARN_UNUSED_FUNCTION = YES;
				GCC_WARN_UNUSED_VARIABLE = YES;
				IPHONEOS_DEPLOYMENT_TARGET = 18.5;
				LOCALIZATION_PREFERS_STRING_CATALOGS = YES;
				MTL_ENABLE_DEBUG_INFO = NO;
				MTL_FAST_MATH = YES;
				SDKROOT = iphoneos;
				SWIFT_COMPILATION_MODE = wholemodule;
				VALIDATE_PRODUCT = YES;
			};
			name = Release;
		};
		B841CFE12E6C4BA500D58501 /* Debug */ = {
			isa = XCBuildConfiguration;
			buildSettings = {
				ASSETCATALOG_COMPILER_APPICON_NAME = AppIcon;
				ASSETCATALOG_COMPILER_GLOBAL_ACCENT_COLOR_NAME = AccentColor;
				CODE_SIGN_STYLE = Automatic;
				CURRENT_PROJECT_VERSION = 1;
				ENABLE_PREVIEWS = YES;
				GENERATE_INFOPLIST_FILE = YES;
				INFOPLIST_KEY_UIApplicationSceneManifest_Generation = YES;
				INFOPLIST_KEY_UIApplicationSupportsIndirectInputEvents = YES;
				INFOPLIST_KEY_UILaunchScreen_Generation = YES;
				INFOPLIST_KEY_UISupportedInterfaceOrientations_iPad = "UIInterfaceOrientationPortrait UIInterfaceOrientationPortraitUpsideDown UIInterfaceOrientationLandscapeLeft UIInterfaceOrientationLandscapeRight";
				INFOPLIST_KEY_UISupportedInterfaceOrientations_iPhone = "UIInterfaceOrientationPortrait UIInterfaceOrientationLandscapeLeft UIInterfaceOrientationLandscapeRight";
				LD_RUNPATH_SEARCH_PATHS = (
					"$(inherited)",
					"@executable_path/Frameworks",
				);
				MARKETING_VERSION = 1.0;
				PRODUCT_BUNDLE_IDENTIFIER = "name.zisgmar.paws-app-ios";
				PRODUCT_NAME = "$(TARGET_NAME)";
				SWIFT_EMIT_LOC_STRINGS = YES;
				SWIFT_VERSION = 5.0;
				TARGETED_DEVICE_FAMILY = "1,2";
			};
			name = Debug;
		};
		B841CFE22E6C4BA500D58501 /* Release */ = {
			isa = XCBuildConfiguration;
			buildSettings = {
				ASSETCATALOG_COMPILER_APPICON_NAME = AppIcon;
				ASSETCATALOG_COMPILER_GLOBAL_ACCENT_COLOR_NAME = AccentColor;
				CODE_SIGN_STYLE = Automatic;
				CURRENT_PROJECT_VERSION = 1;
				ENABLE_PREVIEWS = YES;
				GENERATE_INFOPLIST_FILE = YES;
				INFOPLIST_KEY_UIApplicationSceneManifest_Generation = YES;
				INFOPLIST_KEY_UIApplicationSupportsIndirectInputEvents = YES;
				INFOPLIST_KEY_UILaunchScreen_Generation = YES;
				INFOPLIST_KEY_UISupportedInterfaceOrientations_iPad = "UIInterfaceOrientationPortrait UIInterfaceOrientationPortraitUpsideDown UIInterfaceOrientationLandscapeLeft UIInterfaceOrientationLandscapeRight";
				INFOPLIST_KEY_UISupportedInterfaceOrientations_iPhone = "UIInterfaceOrientationPortrait UIInterfaceOrientationLandscapeLeft UIInterfaceOrientationLandscapeRight";
				LD_RUNPATH_SEARCH_PATHS = (
					"$(inherited)",
					"@executable_path/Frameworks",
				);
				MARKETING_VERSION = 1.0;
				PRODUCT_BUNDLE_IDENTIFIER = "name.zisgmar.paws-app-ios";
				PRODUCT_NAME = "$(TARGET_NAME)";
				SWIFT_EMIT_LOC_STRINGS = YES;
				SWIFT_VERSION = 5.0;
				TARGETED_DEVICE_FAMILY = "1,2";
			};
			name = Release;
		};
		B841CFE42E6C4BA500D58501 /* Debug */ = {
			isa = XCBuildConfiguration;
			buildSettings = {
				BUNDLE_LOADER = "$(TEST_HOST)";
				CODE_SIGN_STYLE = Automatic;
				CURRENT_PROJECT_VERSION = 1;
				GENERATE_INFOPLIST_FILE = YES;
				IPHONEOS_DEPLOYMENT_TARGET = 18.5;
				MARKETING_VERSION = 1.0;
				PRODUCT_BUNDLE_IDENTIFIER = "name.zisgmar.paws-app-iosTests";
				PRODUCT_NAME = "$(TARGET_NAME)";
				SWIFT_EMIT_LOC_STRINGS = NO;
				SWIFT_VERSION = 5.0;
				TARGETED_DEVICE_FAMILY = "1,2";
				TEST_HOST = "$(BUILT_PRODUCTS_DIR)/paws_app_ios.app/$(BUNDLE_EXECUTABLE_FOLDER_PATH)/paws_app_ios";
			};
			name = Debug;
		};
		B841CFE52E6C4BA500D58501 /* Release */ = {
			isa = XCBuildConfiguration;
			buildSettings = {
				BUNDLE_LOADER = "$(TEST_HOST)";
				CODE_SIGN_STYLE = Automatic;
				CURRENT_PROJECT_VERSION = 1;
				GENERATE_INFOPLIST_FILE = YES;
				IPHONEOS_DEPLOYMENT_TARGET = 18.5;
				MARKETING_VERSION = 1.0;
				PRODUCT_BUNDLE_IDENTIFIER = "name.zisgmar.paws-app-iosTests";
				PRODUCT_NAME = "$(TARGET_NAME)";
				SWIFT_EMIT_LOC_STRINGS = NO;
				SWIFT_VERSION = 5.0;
				TARGETED_DEVICE_FAMILY = "1,2";
				TEST_HOST = "$(BUILT_PRODUCTS_DIR)/paws_app_ios.app/$(BUNDLE_EXECUTABLE_FOLDER_PATH)/paws_app_ios";
			};
			name = Release;
		};
		B841CFE72E6C4BA500D58501 /* Debug */ = {
			isa = XCBuildConfiguration;
			buildSettings = {
				CODE_SIGN_STYLE = Automatic;
				CURRENT_PROJECT_VERSION = 1;
				GENERATE_INFOPLIST_FILE = YES;
				MARKETING_VERSION = 1.0;
				PRODUCT_BUNDLE_IDENTIFIER = "name.zisgmar.paws-app-iosUITests";
				PRODUCT_NAME = "$(TARGET_NAME)";
				SWIFT_EMIT_LOC_STRINGS = NO;
				SWIFT_VERSION = 5.0;
				TARGETED_DEVICE_FAMILY = "1,2";
				TEST_TARGET_NAME = paws_app_ios;
			};
			name = Debug;
		};
		B841CFE82E6C4BA500D58501 /* Release */ = {
			isa = XCBuildConfiguration;
			buildSettings = {
				CODE_SIGN_STYLE = Automatic;
				CURRENT_PROJECT_VERSION = 1;
				GENERATE_INFOPLIST_FILE = YES;
				MARKETING_VERSION = 1.0;
				PRODUCT_BUNDLE_IDENTIFIER = "name.zisgmar.paws-app-iosUITests";
				PRODUCT_NAME = "$(TARGET_NAME)";
				SWIFT_EMIT_LOC_STRINGS = NO;
				SWIFT_VERSION = 5.0;
				TARGETED_DEVICE_FAMILY = "1,2";
				TEST_TARGET_NAME = paws_app_ios;
			};
			name = Release;
		};
/* End XCBuildConfiguration section */

/* Begin XCConfigurationList section */
		B841CFBA2E6C4BA500D58501 /* Build configuration list for PBXProject "paws_app_ios" */ = {
			isa = XCConfigurationList;
			buildConfigurations = (
				B841CFDE2E6C4BA500D58501 /* Debug */,
				B841CFDF2E6C4BA500D58501 /* Release */,
			);
			defaultConfigurationIsVisible = 0;
			defaultConfigurationName = Release;
		};
		B841CFE02E6C4BA500D58501 /* Build configuration list for PBXNativeTarget "paws_app_ios" */ = {
			isa = XCConfigurationList;
			buildConfigurations = (
				B841CFE12E6C4BA500D58501 /* Debug */,
				B841CFE22E6C4BA500D58501 /* Release */,
			);
			defaultConfigurationIsVisible = 0;
			defaultConfigurationName = Release;
		};
		B841CFE32E6C4BA500D58501 /* Build configuration list for PBXNativeTarget "paws_app_iosTests" */ = {
			isa = XCConfigurationList;
			buildConfigurations = (
				B841CFE42E6C4BA500D58501 /* Debug */,
				B841CFE52E6C4BA500D58501 /* Release */,
			);
			defaultConfigurationIsVisible = 0;
			defaultConfigurationName = Release;
		};
		B841CFE62E6C4BA500D58501 /* Build configuration list for PBXNativeTarget "paws_app_iosUITests" */ = {
			isa = XCConfigurationList;
			buildConfigurations = (
				B841CFE72E6C4BA500D58501 /* Debug */,
				B841CFE82E6C4BA500D58501 /* Release */,
			);
			defaultConfigurationIsVisible = 0;
			defaultConfigurationName = Release;
		};
/* End XCConfigurationList section */
	};
	rootObject = B841CFB72E6C4BA500D58501 /* Project object */;
}
